
Microsoft Visual Studio Solution File, Format Version 12.00
# Visual Studio 14
VisualStudioVersion = 14.0.25420.1
MinimumVisualStudioVersion = 10.0.40219.1
Project("{FAE04EC0-301F-11D3-BF4B-00C04F79EFBC}") = "Adventus.Modules.Email", "Adventus.Modules.Email\Adventus.Modules.Email.csproj", "{9BFC954C-1357-4E2D-975C-7CB2983EEF25}"
EndProject
Project("{911E67C6-3D85-4FCE-B560-20A9C3E3FF48}") = "InteractionWorkspace", "Adventus.Modules.Email\bin\Debug\InteractionWorkspace.exe", "{9E037AEB-F9D8-43C7-8FE5-41252349E428}"
	ProjectSection(DebuggerProjectSystem) = preProject
		PortSupplier = 00000000-0000-0000-0000-000000000000
		Executable = C:\Users\agrisk\Documents\GCTI_Devel\Ergo_IW_Custom\Adventus.Modules.Email\Adventus.Modules.Email\bin\Debug\InteractionWorkspace.exe
		RemoteMachine = AGRIS-HP
		StartingDirectory = C:\Users\agrisk\Documents\GCTI_Devel\Ergo_IW_Custom\Adventus.Modules.Email\Adventus.Modules.Email\bin\Debug
		Environment = Default
		LaunchingEngine = 00000000-0000-0000-0000-000000000000
		UseLegacyDebugEngines = No
		LaunchSQLEngine = No
		AttachLaunchAction = No
	EndProjectSection
EndProject
Global
	GlobalSection(SolutionConfigurationPlatforms) = preSolution
		Debug|Any CPU = Debug|Any CPU
		Debug|x86 = Debug|x86
		Release|Any CPU = Release|Any CPU
		Release|x86 = Release|x86
	EndGlobalSection
	GlobalSection(ProjectConfigurationPlatforms) = postSolution
		{9BFC954C-1357-4E2D-975C-7CB2983EEF25}.Debug|Any CPU.ActiveCfg = Debug|Any CPU
		{9BFC954C-1357-4E2D-975C-7CB2983EEF25}.Debug|Any CPU.Build.0 = Debug|Any CPU
		{9BFC954C-1357-4E2D-975C-7CB2983EEF25}.Debug|x86.ActiveCfg = Debug|Any CPU
		{9BFC954C-1357-4E2D-975C-7CB2983EEF25}.Debug|x86.Build.0 = Debug|Any CPU
		{9BFC954C-1357-4E2D-975C-7CB2983EEF25}.Release|Any CPU.ActiveCfg = Release|Any CPU
		{9BFC954C-1357-4E2D-975C-7CB2983EEF25}.Release|Any CPU.Build.0 = Release|Any CPU
		{9BFC954C-1357-4E2D-975C-7CB2983EEF25}.Release|x86.ActiveCfg = Release|Any CPU
		{9BFC954C-1357-4E2D-975C-7CB2983EEF25}.Release|x86.Build.0 = Release|Any CPU
		{9E037AEB-F9D8-43C7-8FE5-41252349E428}.Debug|Any CPU.ActiveCfg = Release
		{9E037AEB-F9D8-43C7-8FE5-41252349E428}.Debug|x86.ActiveCfg = Release
		{9E037AEB-F9D8-43C7-8FE5-41252349E428}.Release|Any CPU.ActiveCfg = Release
		{9E037AEB-F9D8-43C7-8FE5-41252349E428}.Release|x86.ActiveCfg = Release
	EndGlobalSection
	GlobalSection(SolutionProperties) = preSolution
		HideSolutionNode = FALSE
	EndGlobalSection
EndGlobal
